
Microsoft Visual Studio Solution File, Format Version 12.00
# Visual Studio Version 17
VisualStudioVersion = 17.14.36221.1
MinimumVisualStudioVersion = 10.0.40219.1
Project("{8BC9CEB8-8B4A-11D0-8D11-00A0C91BC942}") = "01 Selection", "Week 1\Week 1.vcxproj", "{12C94BB6-C421-41A6-807D-C1AB71866BE0}"
EndProject
Project("{8BC9CEB8-8B4A-11D0-8D11-00A0C91BC942}") = "02 Iteration", "Iteration\Iteration.vcxproj", "{C8EBDC67-67D5-42AF-8CD3-7D3354F0C985}"
EndProject
Project("{8BC9CEB8-8B4A-11D0-8D11-00A0C91BC942}") = "03 Functions", "Functions\Functions.vcxproj", "{21F29138-5CF6-4E38-9484-146796C988FB}"
EndProject
Project("{8BC9CEB8-8B4A-11D0-8D11-00A0C91BC942}") = "04 User Defined Types", "04 User Defined Types\04 User Defined Types.vcxproj", "{A2033827-9221-49E2-95E6-78C634BB82B3}"
EndProject
Project("{8BC9CEB8-8B4A-11D0-8D11-00A0C91BC942}") = "05 Arrays", "Arrays\Arrays.vcxproj", "{FA2ECC4D-694A-4F82-8CA2-E417CA8EE026}"
EndProject
Project("{8BC9CEB8-8B4A-11D0-8D11-00A0C91BC942}") = "06 Pointers", "Pointers\Pointers.vcxproj", "{10F9D7AE-9125-4553-8899-A6F48B110A99}"
EndProject
Project("{8BC9CEB8-8B4A-11D0-8D11-00A0C91BC942}") = "07 Bit level operations", "07 Bit level operations\07 Bit level operations.vcxproj", "{1FE38848-DAF1-4928-ACE8-A7BFA8E23069}"
EndProject
Project("{8BC9CEB8-8B4A-11D0-8D11-00A0C91BC942}") = "08 Classes", "08 Classes\08 Classes.vcxproj", "{12AB4E07-10AB-4AC4-B046-0FC6D71A6614}"
EndProject
Project("{8BC9CEB8-8B4A-11D0-8D11-00A0C91BC942}") = "09 Standard Library - Vectors", "09 Standard Library - Vectors\09 Standard Library - Vectors.vcxproj", "{776EE702-8E65-44D6-8D86-02FBB11AD3F1}"
EndProject
Project("{8BC9CEB8-8B4A-11D0-8D11-00A0C91BC942}") = "10 Operator Overloading", "10 Operator Overloading\10 Operator Overloading.vcxproj", "{C8663D63-C8F6-4CF6-8184-A0EB4148DB97}"
EndProject
Project("{8BC9CEB8-8B4A-11D0-8D11-00A0C91BC942}") = "12 Inheritance and Polymorphism", "11 Inheritance and Polymorphism\11 Inheritance and Polymorphism.vcxproj", "{89A5118A-1DDF-420C-B5EE-F8853E7E684A}"
EndProject
Project("{8BC9CEB8-8B4A-11D0-8D11-00A0C91BC942}") = "11 Templates", "11 Templates\11 Templates.vcxproj", "{AE4D3CC8-2819-4B64-9A2D-6ED39F6CA969}"
EndProject
Project("{8BC9CEB8-8B4A-11D0-8D11-00A0C91BC942}") = "13 Strings", "13 Strings\13 Strings.vcxproj", "{39CF6518-2E92-4C43-9F47-B6F565DC746A}"
EndProject
Project("{8BC9CEB8-8B4A-11D0-8D11-00A0C91BC942}") = "14 File Handling", "14 File Handling\14 File Handling.vcxproj", "{9F59058A-E837-4A63-BBD7-5CFC4203446C}"
EndProject
Project("{8BC9CEB8-8B4A-11D0-8D11-00A0C91BC942}") = "16 Standard Library - others", "15 Standard Library - others\15 Standard Library - others.vcxproj", "{81093235-BE39-4001-B295-B125A61E295E}"
EndProject
Project("{8BC9CEB8-8B4A-11D0-8D11-00A0C91BC942}") = "15 Exception Handling", "15 Exception Handling\15 Exception Handling.vcxproj", "{3B763A9A-342B-40DF-A2BF-7BE498A9E560}"
EndProject
Project("{2150E333-8FDC-42A3-9474-1A3956D46DE8}") = "Solution Items", "Solution Items", "{8EC462FD-D22E-90A8-E5CE-7E832BA40C5D}"
	ProjectSection(SolutionItems) = preProject
		SplashScreen.h = SplashScreen.h
	EndProjectSection
EndProject
Project("{8BC9CEB8-8B4A-11D0-8D11-00A0C91BC942}") = "2X Debugging", "2X Debugging\2X Debugging.vcxproj", "{8D3CA844-113D-49D2-AAD8-2C24BD5137AC}"
EndProject
Global
	GlobalSection(SolutionConfigurationPlatforms) = preSolution
		Debug|x64 = Debug|x64
		Debug|x86 = Debug|x86
		Release|x64 = Release|x64
		Release|x86 = Release|x86
	EndGlobalSection
	GlobalSection(ProjectConfigurationPlatforms) = postSolution
		{12C94BB6-C421-41A6-807D-C1AB71866BE0}.Debug|x64.ActiveCfg = Debug|x64
		{12C94BB6-C421-41A6-807D-C1AB71866BE0}.Debug|x64.Build.0 = Debug|x64
		{12C94BB6-C421-41A6-807D-C1AB71866BE0}.Debug|x86.ActiveCfg = Debug|Win32
		{12C94BB6-C421-41A6-807D-C1AB71866BE0}.Debug|x86.Build.0 = Debug|Win32
		{12C94BB6-C421-41A6-807D-C1AB71866BE0}.Release|x64.ActiveCfg = Release|x64
		{12C94BB6-C421-41A6-807D-C1AB71866BE0}.Release|x64.Build.0 = Release|x64
		{12C94BB6-C421-41A6-807D-C1AB71866BE0}.Release|x86.ActiveCfg = Release|Win32
		{12C94BB6-C421-41A6-807D-C1AB71866BE0}.Release|x86.Build.0 = Release|Win32
		{C8EBDC67-67D5-42AF-8CD3-7D3354F0C985}.Debug|x64.ActiveCfg = Debug|x64
		{C8EBDC67-67D5-42AF-8CD3-7D3354F0C985}.Debug|x64.Build.0 = Debug|x64
		{C8EBDC67-67D5-42AF-8CD3-7D3354F0C985}.Debug|x86.ActiveCfg = Debug|Win32
		{C8EBDC67-67D5-42AF-8CD3-7D3354F0C985}.Debug|x86.Build.0 = Debug|Win32
		{C8EBDC67-67D5-42AF-8CD3-7D3354F0C985}.Release|x64.ActiveCfg = Release|x64
		{C8EBDC67-67D5-42AF-8CD3-7D3354F0C985}.Release|x64.Build.0 = Release|x64
		{C8EBDC67-67D5-42AF-8CD3-7D3354F0C985}.Release|x86.ActiveCfg = Release|Win32
		{C8EBDC67-67D5-42AF-8CD3-7D3354F0C985}.Release|x86.Build.0 = Release|Win32
		{21F29138-5CF6-4E38-9484-146796C988FB}.Debug|x64.ActiveCfg = Debug|x64
		{21F29138-5CF6-4E38-9484-146796C988FB}.Debug|x64.Build.0 = Debug|x64
		{21F29138-5CF6-4E38-9484-146796C988FB}.Debug|x86.ActiveCfg = Debug|Win32
		{21F29138-5CF6-4E38-9484-146796C988FB}.Debug|x86.Build.0 = Debug|Win32
		{21F29138-5CF6-4E38-9484-146796C988FB}.Release|x64.ActiveCfg = Release|x64
		{21F29138-5CF6-4E38-9484-146796C988FB}.Release|x64.Build.0 = Release|x64
		{21F29138-5CF6-4E38-9484-146796C988FB}.Release|x86.ActiveCfg = Release|Win32
		{21F29138-5CF6-4E38-9484-146796C988FB}.Release|x86.Build.0 = Release|Win32
		{A2033827-9221-49E2-95E6-78C634BB82B3}.Debug|x64.ActiveCfg = Debug|x64
		{A2033827-9221-49E2-95E6-78C634BB82B3}.Debug|x64.Build.0 = Debug|x64
		{A2033827-9221-49E2-95E6-78C634BB82B3}.Debug|x86.ActiveCfg = Debug|Win32
		{A2033827-9221-49E2-95E6-78C634BB82B3}.Debug|x86.Build.0 = Debug|Win32
		{A2033827-9221-49E2-95E6-78C634BB82B3}.Release|x64.ActiveCfg = Release|x64
		{A2033827-9221-49E2-95E6-78C634BB82B3}.Release|x64.Build.0 = Release|x64
		{A2033827-9221-49E2-95E6-78C634BB82B3}.Release|x86.ActiveCfg = Release|Win32
		{A2033827-9221-49E2-95E6-78C634BB82B3}.Release|x86.Build.0 = Release|Win32
		{FA2ECC4D-694A-4F82-8CA2-E417CA8EE026}.Debug|x64.ActiveCfg = Debug|x64
		{FA2ECC4D-694A-4F82-8CA2-E417CA8EE026}.Debug|x64.Build.0 = Debug|x64
		{FA2ECC4D-694A-4F82-8CA2-E417CA8EE026}.Debug|x86.ActiveCfg = Debug|Win32
		{FA2ECC4D-694A-4F82-8CA2-E417CA8EE026}.Debug|x86.Build.0 = Debug|Win32
		{FA2ECC4D-694A-4F82-8CA2-E417CA8EE026}.Release|x64.ActiveCfg = Release|x64
		{FA2ECC4D-694A-4F82-8CA2-E417CA8EE026}.Release|x64.Build.0 = Release|x64
		{FA2ECC4D-694A-4F82-8CA2-E417CA8EE026}.Release|x86.ActiveCfg = Release|Win32
		{FA2ECC4D-694A-4F82-8CA2-E417CA8EE026}.Release|x86.Build.0 = Release|Win32
		{10F9D7AE-9125-4553-8899-A6F48B110A99}.Debug|x64.ActiveCfg = Debug|x64
		{10F9D7AE-9125-4553-8899-A6F48B110A99}.Debug|x64.Build.0 = Debug|x64
		{10F9D7AE-9125-4553-8899-A6F48B110A99}.Debug|x86.ActiveCfg = Debug|Win32
		{10F9D7AE-9125-4553-8899-A6F48B110A99}.Debug|x86.Build.0 = Debug|Win32
		{10F9D7AE-9125-4553-8899-A6F48B110A99}.Release|x64.ActiveCfg = Release|x64
		{10F9D7AE-9125-4553-8899-A6F48B110A99}.Release|x64.Build.0 = Release|x64
		{10F9D7AE-9125-4553-8899-A6F48B110A99}.Release|x86.ActiveCfg = Release|Win32
		{10F9D7AE-9125-4553-8899-A6F48B110A99}.Release|x86.Build.0 = Release|Win32
		{1FE38848-DAF1-4928-ACE8-A7BFA8E23069}.Debug|x64.ActiveCfg = Debug|x64
		{1FE38848-DAF1-4928-ACE8-A7BFA8E23069}.Debug|x64.Build.0 = Debug|x64
		{1FE38848-DAF1-4928-ACE8-A7BFA8E23069}.Debug|x86.ActiveCfg = Debug|Win32
		{1FE38848-DAF1-4928-ACE8-A7BFA8E23069}.Debug|x86.Build.0 = Debug|Win32
		{1FE38848-DAF1-4928-ACE8-A7BFA8E23069}.Release|x64.ActiveCfg = Release|x64
		{1FE38848-DAF1-4928-ACE8-A7BFA8E23069}.Release|x64.Build.0 = Release|x64
		{1FE38848-DAF1-4928-ACE8-A7BFA8E23069}.Release|x86.ActiveCfg = Release|Win32
		{1FE38848-DAF1-4928-ACE8-A7BFA8E23069}.Release|x86.Build.0 = Release|Win32
		{12AB4E07-10AB-4AC4-B046-0FC6D71A6614}.Debug|x64.ActiveCfg = Debug|x64
		{12AB4E07-10AB-4AC4-B046-0FC6D71A6614}.Debug|x64.Build.0 = Debug|x64
		{12AB4E07-10AB-4AC4-B046-0FC6D71A6614}.Debug|x86.ActiveCfg = Debug|Win32
		{12AB4E07-10AB-4AC4-B046-0FC6D71A6614}.Debug|x86.Build.0 = Debug|Win32
		{12AB4E07-10AB-4AC4-B046-0FC6D71A6614}.Release|x64.ActiveCfg = Release|x64
		{12AB4E07-10AB-4AC4-B046-0FC6D71A6614}.Release|x64.Build.0 = Release|x64
		{12AB4E07-10AB-4AC4-B046-0FC6D71A6614}.Release|x86.ActiveCfg = Release|Win32
		{12AB4E07-10AB-4AC4-B046-0FC6D71A6614}.Release|x86.Build.0 = Release|Win32
		{776EE702-8E65-44D6-8D86-02FBB11AD3F1}.Debug|x64.ActiveCfg = Debug|x64
		{776EE702-8E65-44D6-8D86-02FBB11AD3F1}.Debug|x64.Build.0 = Debug|x64
		{776EE702-8E65-44D6-8D86-02FBB11AD3F1}.Debug|x86.ActiveCfg = Debug|Win32
		{776EE702-8E65-44D6-8D86-02FBB11AD3F1}.Debug|x86.Build.0 = Debug|Win32
		{776EE702-8E65-44D6-8D86-02FBB11AD3F1}.Release|x64.ActiveCfg = Release|x64
		{776EE702-8E65-44D6-8D86-02FBB11AD3F1}.Release|x64.Build.0 = Release|x64
		{776EE702-8E65-44D6-8D86-02FBB11AD3F1}.Release|x86.ActiveCfg = Release|Win32
		{776EE702-8E65-44D6-8D86-02FBB11AD3F1}.Release|x86.Build.0 = Release|Win32
		{C8663D63-C8F6-4CF6-8184-A0EB4148DB97}.Debug|x64.ActiveCfg = Debug|x64
		{C8663D63-C8F6-4CF6-8184-A0EB4148DB97}.Debug|x64.Build.0 = Debug|x64
		{C8663D63-C8F6-4CF6-8184-A0EB4148DB97}.Debug|x86.ActiveCfg = Debug|Win32
		{C8663D63-C8F6-4CF6-8184-A0EB4148DB97}.Debug|x86.Build.0 = Debug|Win32
		{C8663D63-C8F6-4CF6-8184-A0EB4148DB97}.Release|x64.ActiveCfg = Release|x64
		{C8663D63-C8F6-4CF6-8184-A0EB4148DB97}.Release|x64.Build.0 = Release|x64
		{C8663D63-C8F6-4CF6-8184-A0EB4148DB97}.Release|x86.ActiveCfg = Release|Win32
		{C8663D63-C8F6-4CF6-8184-A0EB4148DB97}.Release|x86.Build.0 = Release|Win32
		{89A5118A-1DDF-420C-B5EE-F8853E7E684A}.Debug|x64.ActiveCfg = Debug|x64
		{89A5118A-1DDF-420C-B5EE-F8853E7E684A}.Debug|x64.Build.0 = Debug|x64
		{89A5118A-1DDF-420C-B5EE-F8853E7E684A}.Debug|x86.ActiveCfg = Debug|Win32
		{89A5118A-1DDF-420C-B5EE-F8853E7E684A}.Debug|x86.Build.0 = Debug|Win32
		{89A5118A-1DDF-420C-B5EE-F8853E7E684A}.Release|x64.ActiveCfg = Release|x64
		{89A5118A-1DDF-420C-B5EE-F8853E7E684A}.Release|x64.Build.0 = Release|x64
		{89A5118A-1DDF-420C-B5EE-F8853E7E684A}.Release|x86.ActiveCfg = Release|Win32
		{89A5118A-1DDF-420C-B5EE-F8853E7E684A}.Release|x86.Build.0 = Release|Win32
		{AE4D3CC8-2819-4B64-9A2D-6ED39F6CA969}.Debug|x64.ActiveCfg = Debug|x64
		{AE4D3CC8-2819-4B64-9A2D-6ED39F6CA969}.Debug|x64.Build.0 = Debug|x64
		{AE4D3CC8-2819-4B64-9A2D-6ED39F6CA969}.Debug|x86.ActiveCfg = Debug|Win32
		{AE4D3CC8-2819-4B64-9A2D-6ED39F6CA969}.Debug|x86.Build.0 = Debug|Win32
		{AE4D3CC8-2819-4B64-9A2D-6ED39F6CA969}.Release|x64.ActiveCfg = Release|x64
		{AE4D3CC8-2819-4B64-9A2D-6ED39F6CA969}.Release|x64.Build.0 = Release|x64
		{AE4D3CC8-2819-4B64-9A2D-6ED39F6CA969}.Release|x86.ActiveCfg = Release|Win32
		{AE4D3CC8-2819-4B64-9A2D-6ED39F6CA969}.Release|x86.Build.0 = Release|Win32
		{39CF6518-2E92-4C43-9F47-B6F565DC746A}.Debug|x64.ActiveCfg = Debug|x64
		{39CF6518-2E92-4C43-9F47-B6F565DC746A}.Debug|x64.Build.0 = Debug|x64
		{39CF6518-2E92-4C43-9F47-B6F565DC746A}.Debug|x86.ActiveCfg = Debug|Win32
		{39CF6518-2E92-4C43-9F47-B6F565DC746A}.Debug|x86.Build.0 = Debug|Win32
		{39CF6518-2E92-4C43-9F47-B6F565DC746A}.Release|x64.ActiveCfg = Release|x64
		{39CF6518-2E92-4C43-9F47-B6F565DC746A}.Release|x64.Build.0 = Release|x64
		{39CF6518-2E92-4C43-9F47-B6F565DC746A}.Release|x86.ActiveCfg = Release|Win32
		{39CF6518-2E92-4C43-9F47-B6F565DC746A}.Release|x86.Build.0 = Release|Win32
		{9F59058A-E837-4A63-BBD7-5CFC4203446C}.Debug|x64.ActiveCfg = Debug|x64
		{9F59058A-E837-4A63-BBD7-5CFC4203446C}.Debug|x64.Build.0 = Debug|x64
		{9F59058A-E837-4A63-BBD7-5CFC4203446C}.Debug|x86.ActiveCfg = Debug|Win32
		{9F59058A-E837-4A63-BBD7-5CFC4203446C}.Debug|x86.Build.0 = Debug|Win32
		{9F59058A-E837-4A63-BBD7-5CFC4203446C}.Release|x64.ActiveCfg = Release|x64
		{9F59058A-E837-4A63-BBD7-5CFC4203446C}.Release|x64.Build.0 = Release|x64
		{9F59058A-E837-4A63-BBD7-5CFC4203446C}.Release|x86.ActiveCfg = Release|Win32
		{9F59058A-E837-4A63-BBD7-5CFC4203446C}.Release|x86.Build.0 = Release|Win32
		{81093235-BE39-4001-B295-B125A61E295E}.Debug|x64.ActiveCfg = Debug|x64
		{81093235-BE39-4001-B295-B125A61E295E}.Debug|x64.Build.0 = Debug|x64
		{81093235-BE39-4001-B295-B125A61E295E}.Debug|x86.ActiveCfg = Debug|Win32
		{81093235-BE39-4001-B295-B125A61E295E}.Debug|x86.Build.0 = Debug|Win32
		{81093235-BE39-4001-B295-B125A61E295E}.Release|x64.ActiveCfg = Release|x64
		{81093235-BE39-4001-B295-B125A61E295E}.Release|x64.Build.0 = Release|x64
		{81093235-BE39-4001-B295-B125A61E295E}.Release|x86.ActiveCfg = Release|Win32
		{81093235-BE39-4001-B295-B125A61E295E}.Release|x86.Build.0 = Release|Win32
		{3B763A9A-342B-40DF-A2BF-7BE498A9E560}.Debug|x64.ActiveCfg = Debug|x64
		{3B763A9A-342B-40DF-A2BF-7BE498A9E560}.Debug|x64.Build.0 = Debug|x64
		{3B763A9A-342B-40DF-A2BF-7BE498A9E560}.Debug|x86.ActiveCfg = Debug|Win32
		{3B763A9A-342B-40DF-A2BF-7BE498A9E560}.Debug|x86.Build.0 = Debug|Win32
		{3B763A9A-342B-40DF-A2BF-7BE498A9E560}.Release|x64.ActiveCfg = Release|x64
		{3B763A9A-342B-40DF-A2BF-7BE498A9E560}.Release|x64.Build.0 = Release|x64
		{3B763A9A-342B-40DF-A2BF-7BE498A9E560}.Release|x86.ActiveCfg = Release|Win32
		{3B763A9A-342B-40DF-A2BF-7BE498A9E560}.Release|x86.Build.0 = Release|Win32
		{8D3CA844-113D-49D2-AAD8-2C24BD5137AC}.Debug|x64.ActiveCfg = Debug|x64
		{8D3CA844-113D-49D2-AAD8-2C24BD5137AC}.Debug|x64.Build.0 = Debug|x64
		{8D3CA844-113D-49D2-AAD8-2C24BD5137AC}.Debug|x86.ActiveCfg = Debug|Win32
		{8D3CA844-113D-49D2-AAD8-2C24BD5137AC}.Debug|x86.Build.0 = Debug|Win32
		{8D3CA844-113D-49D2-AAD8-2C24BD5137AC}.Release|x64.ActiveCfg = Release|x64
		{8D3CA844-113D-49D2-AAD8-2C24BD5137AC}.Release|x64.Build.0 = Release|x64
		{8D3CA844-113D-49D2-AAD8-2C24BD5137AC}.Release|x86.ActiveCfg = Release|Win32
		{8D3CA844-113D-49D2-AAD8-2C24BD5137AC}.Release|x86.Build.0 = Release|Win32
	EndGlobalSection
	GlobalSection(SolutionProperties) = preSolution
		HideSolutionNode = FALSE
	EndGlobalSection
	GlobalSection(ExtensibilityGlobals) = postSolution
		SolutionGuid = {06992178-4983-4CC8-906E-DEB992EE8BD9}
	EndGlobalSection
EndGlobal
